{
    "version": 3,
    "terraform_version": "0.11.7",
    "serial": 6,
    "lineage": "4fe7216e-2d52-8a3a-f30b-e96dd888cb0c",
    "modules": [
        {
            "path": [
                "root"
            ],
            "outputs": {},
            "resources": {
                "aws_eip.NATGW": {
                    "type": "aws_eip",
                    "depends_on": [],
                    "primary": {
                        "id": "eipalloc-21a9d81d",
                        "attributes": {
                            "association_id": "eipassoc-a8d47b72",
                            "domain": "vpc",
                            "id": "eipalloc-21a9d81d",
                            "instance": "",
                            "network_interface": "eni-b8d575a0",
                            "private_ip": "172.20.20.148",
                            "public_ip": "34.217.237.189",
                            "tags.%": "0",
                            "vpc": "true"
                        },
                        "meta": {
                            "e2bfb730-ecaa-11e6-8f88-34363bc7c4c0": {
                                "delete": 180000000000,
                                "read": 900000000000,
                                "update": 300000000000
                            }
                        },
                        "tainted": false
                    },
                    "deposed": [],
                    "provider": "provider.aws"
                },
                "aws_instance.application": {
                    "type": "aws_instance",
                    "depends_on": [
                        "aws_key_pair.deployer",
                        "aws_security_group.internal",
                        "aws_subnet.private"
                    ],
                    "primary": {
                        "id": "i-0781b7ec1ffe1d184",
                        "attributes": {
                            "ami": "ami-db710fa3",
                            "associate_public_ip_address": "false",
                            "availability_zone": "us-west-2b",
                            "credit_specification.#": "1",
                            "credit_specification.0.cpu_credits": "standard",
                            "disable_api_termination": "false",
                            "ebs_block_device.#": "0",
                            "ebs_optimized": "false",
                            "ephemeral_block_device.#": "0",
                            "get_password_data": "false",
                            "iam_instance_profile": "",
                            "id": "i-0781b7ec1ffe1d184",
                            "instance_state": "running",
                            "instance_type": "t2.micro",
                            "ipv6_addresses.#": "0",
                            "key_name": "deployer-key",
                            "monitoring": "false",
                            "network_interface.#": "0",
                            "network_interface_id": "eni-470b1c7e",
                            "password_data": "",
                            "placement_group": "",
                            "primary_network_interface_id": "eni-470b1c7e",
                            "private_dns": "ip-172-20-10-155.us-west-2.compute.internal",
                            "private_ip": "172.20.10.155",
                            "public_dns": "",
                            "public_ip": "",
                            "root_block_device.#": "1",
                            "root_block_device.0.delete_on_termination": "true",
                            "root_block_device.0.iops": "100",
                            "root_block_device.0.volume_id": "vol-0f2768d544e6ac741",
                            "root_block_device.0.volume_size": "8",
                            "root_block_device.0.volume_type": "gp2",
                            "security_groups.#": "0",
                            "source_dest_check": "true",
                            "subnet_id": "subnet-5f0c9326",
                            "tags.%": "1",
                            "tags.Name": "application",
                            "tenancy": "default",
                            "volume_tags.%": "0",
                            "vpc_security_group_ids.#": "1",
                            "vpc_security_group_ids.1270662773": "sg-77b66b06"
                        },
                        "meta": {
                            "e2bfb730-ecaa-11e6-8f88-34363bc7c4c0": {
                                "create": 600000000000,
                                "delete": 1200000000000,
                                "update": 600000000000
                            },
                            "schema_version": "1"
                        },
                        "tainted": false
                    },
                    "deposed": [],
                    "provider": "provider.aws"
                },
                "aws_instance.jenkins": {
                    "type": "aws_instance",
                    "depends_on": [
                        "aws_key_pair.deployer",
                        "aws_security_group.external",
                        "aws_subnet.public"
                    ],
                    "primary": {
                        "id": "i-05ef22d1a7a2d0d6d",
                        "attributes": {
                            "ami": "ami-db710fa3",
                            "associate_public_ip_address": "true",
                            "availability_zone": "us-west-2c",
                            "credit_specification.#": "1",
                            "credit_specification.0.cpu_credits": "standard",
                            "disable_api_termination": "false",
                            "ebs_block_device.#": "0",
                            "ebs_optimized": "false",
                            "ephemeral_block_device.#": "0",
                            "get_password_data": "false",
                            "iam_instance_profile": "",
                            "id": "i-05ef22d1a7a2d0d6d",
                            "instance_state": "running",
                            "instance_type": "t2.micro",
                            "ipv6_addresses.#": "0",
                            "key_name": "deployer-key",
                            "monitoring": "false",
                            "network_interface.#": "0",
                            "network_interface_id": "eni-a6be1ebe",
                            "password_data": "",
                            "placement_group": "",
                            "primary_network_interface_id": "eni-a6be1ebe",
                            "private_dns": "ip-172-20-20-18.us-west-2.compute.internal",
                            "private_ip": "172.20.20.18",
                            "public_dns": "",
                            "public_ip": "18.236.221.209",
                            "root_block_device.#": "1",
                            "root_block_device.0.delete_on_termination": "true",
                            "root_block_device.0.iops": "100",
                            "root_block_device.0.volume_id": "vol-0812c16fd83179bae",
                            "root_block_device.0.volume_size": "8",
                            "root_block_device.0.volume_type": "gp2",
                            "security_groups.#": "0",
                            "source_dest_check": "true",
                            "subnet_id": "subnet-41b7c11b",
                            "tags.%": "1",
                            "tags.Name": "Jenkins",
                            "tenancy": "default",
                            "user_data_base64": "d2dldCAtcSAtTyAtIGh0dHBzOi8vcGtnLmplbmtpbnMuaW8vZGViaWFuL2plbmtpbnMtY2kub3JnLmtleSB8IHN1ZG8gYXB0LWtleSBhZGQgLQpzdWRvIHNoIC1jICdlY2hvIGRlYiBodHRwOi8vcGtnLmplbmtpbnMuaW8vZGViaWFuLXN0YWJsZSBiaW5hcnkvID4gL2V0Yy9hcHQvc291cmNlcy5saXN0LmQvamVua2lucy5saXN0JwpzdWRvIGFwdC1hZGQtcmVwb3NpdG9yeSBwcGE6YW5zaWJsZS9hbnNpYmxlIApzdWRvIGFwdC1nZXQgdXBkYXRlIC15CnN1ZG8gYXB0LWdldCBpbnN0YWxsIGplbmtpbnMgLXkKc3VkbyBhcHQtZ2V0IGluc3RhbGwgcHl0aG9uLXBpcCBweXRob24tZGV2IGJ1aWxkLWVzc2VudGlhbCAgLXkKc3VkbyBhcHQtZ2V0IGluc3RhbGwgYW5zaWJsZSAteQo=",
                            "volume_tags.%": "0",
                            "vpc_security_group_ids.#": "1",
                            "vpc_security_group_ids.3152843252": "sg-63b86512"
                        },
                        "meta": {
                            "e2bfb730-ecaa-11e6-8f88-34363bc7c4c0": {
                                "create": 600000000000,
                                "delete": 1200000000000,
                                "update": 600000000000
                            },
                            "schema_version": "1"
                        },
                        "tainted": false
                    },
                    "deposed": [],
                    "provider": "provider.aws"
                },
                "aws_instance.nginx": {
                    "type": "aws_instance",
                    "depends_on": [
                        "aws_key_pair.deployer",
                        "aws_security_group.external",
                        "aws_subnet.public"
                    ],
                    "primary": {
                        "id": "i-0ee047ac0c33bdf75",
                        "attributes": {
                            "ami": "ami-db710fa3",
                            "associate_public_ip_address": "true",
                            "availability_zone": "us-west-2c",
                            "credit_specification.#": "1",
                            "credit_specification.0.cpu_credits": "standard",
                            "disable_api_termination": "false",
                            "ebs_block_device.#": "0",
                            "ebs_optimized": "false",
                            "ephemeral_block_device.#": "0",
                            "get_password_data": "false",
                            "iam_instance_profile": "",
                            "id": "i-0ee047ac0c33bdf75",
                            "instance_state": "running",
                            "instance_type": "t2.micro",
                            "ipv6_addresses.#": "0",
                            "key_name": "deployer-key",
                            "monitoring": "false",
                            "network_interface.#": "0",
                            "network_interface_id": "eni-f1bf1fe9",
                            "password_data": "",
                            "placement_group": "",
                            "primary_network_interface_id": "eni-f1bf1fe9",
                            "private_dns": "ip-172-20-20-202.us-west-2.compute.internal",
                            "private_ip": "172.20.20.202",
                            "public_dns": "",
                            "public_ip": "34.211.11.6",
                            "root_block_device.#": "1",
                            "root_block_device.0.delete_on_termination": "true",
                            "root_block_device.0.iops": "100",
                            "root_block_device.0.volume_id": "vol-0b327896d86c50415",
                            "root_block_device.0.volume_size": "8",
                            "root_block_device.0.volume_type": "gp2",
                            "security_groups.#": "0",
                            "source_dest_check": "true",
                            "subnet_id": "subnet-41b7c11b",
                            "tags.%": "1",
                            "tags.Name": "Nginx",
                            "tenancy": "default",
                            "user_data_base64": "c3VkbyBhcHQtZ2V0IHVwZGF0ZSAteQpzdWRvIGFwdC1nZXQgaW5zdGFsbCBuZ2lueCAteQo=",
                            "volume_tags.%": "0",
                            "vpc_security_group_ids.#": "1",
                            "vpc_security_group_ids.3152843252": "sg-63b86512"
                        },
                        "meta": {
                            "e2bfb730-ecaa-11e6-8f88-34363bc7c4c0": {
                                "create": 600000000000,
                                "delete": 1200000000000,
                                "update": 600000000000
                            },
                            "schema_version": "1"
                        },
                        "tainted": false
                    },
                    "deposed": [],
                    "provider": "provider.aws"
                },
                "aws_internet_gateway.gw": {
                    "type": "aws_internet_gateway",
                    "depends_on": [
                        "aws_vpc.main"
                    ],
                    "primary": {
                        "id": "igw-9cb8f9fa",
                        "attributes": {
                            "id": "igw-9cb8f9fa",
                            "tags.%": "1",
                            "tags.Name": "main",
                            "vpc_id": "vpc-ab477fd2"
                        },
                        "meta": {},
                        "tainted": false
                    },
                    "deposed": [],
                    "provider": "provider.aws"
                },
                "aws_key_pair.deployer": {
                    "type": "aws_key_pair",
                    "depends_on": [],
                    "primary": {
                        "id": "deployer-key",
                        "attributes": {
                            "fingerprint": "10:ce:fd:ab:28:20:95:49:a3:60:09:b9:a6:6f:da:62",
                            "id": "deployer-key",
                            "key_name": "deployer-key",
                            "public_key": "ssh-rsa AAAAB3NzaC1yc2EAAAADAQABAAABAQCuL/HdQDChWRZyl05Ya+N4sQWzvxXfreIBpPSnkadYEdfXmJbYP9jyQrVtT+ZyUzxkr6v4g1WiIaEbrhPrT8kQPvpHdGlvVI/c+rQ2oY2k0nXkbw+NrcqCIWgVpDZ3VsdVMok5Fy7C6Mp+sifDwfBxBtL4Z/2Jk+Zr+YVwsDmL38vHBBysakly0ReMG/bsztp5mH9EJGII9o/MOPcS5pbuA+YIaXApoLdG195bBofP7sb7Gb7f21LYOM75mhtTp9vak24W6Rk5AFNa95vz611CHky/8M8B1nSU+kA8JwGFJJBBWMhXQ92JmmW1YbYNA93eNsT5kpTe30CKujsUMKZ1 working@working-virtual-machine"
                        },
                        "meta": {
                            "schema_version": "1"
                        },
                        "tainted": false
                    },
                    "deposed": [],
                    "provider": "provider.aws"
                },
                "aws_nat_gateway.ngw": {
                    "type": "aws_nat_gateway",
                    "depends_on": [
                        "aws_eip.NATGW",
                        "aws_subnet.public"
                    ],
                    "primary": {
                        "id": "nat-0d0a565594afc825f",
                        "attributes": {
                            "allocation_id": "eipalloc-21a9d81d",
                            "id": "nat-0d0a565594afc825f",
                            "network_interface_id": "eni-b8d575a0",
                            "private_ip": "172.20.20.148",
                            "public_ip": "34.217.237.189",
                            "subnet_id": "subnet-41b7c11b",
                            "tags.%": "0"
                        },
                        "meta": {},
                        "tainted": false
                    },
                    "deposed": [],
                    "provider": "provider.aws"
                },
                "aws_route_table.privateroute": {
                    "type": "aws_route_table",
                    "depends_on": [
                        "aws_nat_gateway.ngw",
                        "aws_vpc.main"
                    ],
                    "primary": {
                        "id": "rtb-4a666532",
                        "attributes": {
                            "id": "rtb-4a666532",
                            "propagating_vgws.#": "0",
                            "route.#": "1",
                            "route.598730955.cidr_block": "0.0.0.0/0",
                            "route.598730955.egress_only_gateway_id": "",
                            "route.598730955.gateway_id": "",
                            "route.598730955.instance_id": "",
                            "route.598730955.ipv6_cidr_block": "",
                            "route.598730955.nat_gateway_id": "nat-0d0a565594afc825f",
                            "route.598730955.network_interface_id": "",
                            "route.598730955.vpc_peering_connection_id": "",
                            "tags.%": "1",
                            "tags.Name": "main",
                            "vpc_id": "vpc-ab477fd2"
                        },
                        "meta": {},
                        "tainted": false
                    },
                    "deposed": [],
                    "provider": "provider.aws"
                },
                "aws_route_table.pubroute": {
                    "type": "aws_route_table",
                    "depends_on": [
                        "aws_internet_gateway.gw",
                        "aws_vpc.main"
                    ],
                    "primary": {
                        "id": "rtb-5f666527",
                        "attributes": {
                            "id": "rtb-5f666527",
                            "propagating_vgws.#": "0",
                            "route.#": "1",
                            "route.524721587.cidr_block": "0.0.0.0/0",
                            "route.524721587.egress_only_gateway_id": "",
                            "route.524721587.gateway_id": "igw-9cb8f9fa",
                            "route.524721587.instance_id": "",
                            "route.524721587.ipv6_cidr_block": "",
                            "route.524721587.nat_gateway_id": "",
                            "route.524721587.network_interface_id": "",
                            "route.524721587.vpc_peering_connection_id": "",
                            "tags.%": "1",
                            "tags.Name": "main",
                            "vpc_id": "vpc-ab477fd2"
                        },
                        "meta": {},
                        "tainted": false
                    },
                    "deposed": [],
                    "provider": "provider.aws"
                },
                "aws_route_table_association.privatertas": {
                    "type": "aws_route_table_association",
                    "depends_on": [
                        "aws_route_table.privateroute",
                        "aws_subnet.private"
                    ],
                    "primary": {
                        "id": "rtbassoc-a5b88cdf",
                        "attributes": {
                            "id": "rtbassoc-a5b88cdf",
                            "route_table_id": "rtb-4a666532",
                            "subnet_id": "subnet-5f0c9326"
                        },
                        "meta": {},
                        "tainted": false
                    },
                    "deposed": [],
                    "provider": "provider.aws"
                },
                "aws_route_table_association.publicrtas": {
                    "type": "aws_route_table_association",
                    "depends_on": [
                        "aws_route_table.pubroute",
                        "aws_subnet.public"
                    ],
                    "primary": {
                        "id": "rtbassoc-fda49087",
                        "attributes": {
                            "id": "rtbassoc-fda49087",
                            "route_table_id": "rtb-5f666527",
                            "subnet_id": "subnet-41b7c11b"
                        },
                        "meta": {},
                        "tainted": false
                    },
                    "deposed": [],
                    "provider": "provider.aws"
                },
                "aws_security_group.external": {
                    "type": "aws_security_group",
                    "depends_on": [
                        "aws_vpc.main"
                    ],
                    "primary": {
                        "id": "sg-63b86512",
                        "attributes": {
                            "arn": "arn:aws:ec2:us-west-2:255649138826:security-group/sg-63b86512",
                            "description": "Allow 80 inbound traffic",
                            "egress.#": "1",
                            "egress.482069346.cidr_blocks.#": "1",
                            "egress.482069346.cidr_blocks.0": "0.0.0.0/0",
                            "egress.482069346.description": "",
                            "egress.482069346.from_port": "0",
                            "egress.482069346.ipv6_cidr_blocks.#": "0",
                            "egress.482069346.prefix_list_ids.#": "0",
                            "egress.482069346.protocol": "-1",
                            "egress.482069346.security_groups.#": "0",
                            "egress.482069346.self": "false",
                            "egress.482069346.to_port": "0",
                            "id": "sg-63b86512",
                            "ingress.#": "2",
                            "ingress.2214680975.cidr_blocks.#": "1",
                            "ingress.2214680975.cidr_blocks.0": "0.0.0.0/0",
                            "ingress.2214680975.description": "",
                            "ingress.2214680975.from_port": "80",
                            "ingress.2214680975.ipv6_cidr_blocks.#": "0",
                            "ingress.2214680975.protocol": "tcp",
                            "ingress.2214680975.security_groups.#": "0",
                            "ingress.2214680975.self": "false",
                            "ingress.2214680975.to_port": "80",
                            "ingress.516175195.cidr_blocks.#": "1",
                            "ingress.516175195.cidr_blocks.0": "0.0.0.0/0",
                            "ingress.516175195.description": "",
                            "ingress.516175195.from_port": "8080",
                            "ingress.516175195.ipv6_cidr_blocks.#": "0",
                            "ingress.516175195.protocol": "tcp",
                            "ingress.516175195.security_groups.#": "0",
                            "ingress.516175195.self": "false",
                            "ingress.516175195.to_port": "8080",
                            "name": "external",
                            "owner_id": "255649138826",
                            "revoke_rules_on_delete": "false",
                            "tags.%": "0",
                            "vpc_id": "vpc-ab477fd2"
                        },
                        "meta": {
                            "e2bfb730-ecaa-11e6-8f88-34363bc7c4c0": {
                                "create": 600000000000,
                                "delete": 600000000000
                            },
                            "schema_version": "1"
                        },
                        "tainted": false
                    },
                    "deposed": [],
                    "provider": "provider.aws"
                },
                "aws_security_group.internal": {
                    "type": "aws_security_group",
                    "depends_on": [
                        "aws_vpc.main"
                    ],
                    "primary": {
                        "id": "sg-77b66b06",
                        "attributes": {
                            "arn": "arn:aws:ec2:us-west-2:255649138826:security-group/sg-77b66b06",
                            "description": "Allow all inbound traffic",
                            "egress.#": "1",
                            "egress.1421879845.cidr_blocks.#": "1",
                            "egress.1421879845.cidr_blocks.0": "172.20.0.0/16",
                            "egress.1421879845.description": "",
                            "egress.1421879845.from_port": "0",
                            "egress.1421879845.ipv6_cidr_blocks.#": "0",
                            "egress.1421879845.prefix_list_ids.#": "0",
                            "egress.1421879845.protocol": "-1",
                            "egress.1421879845.security_groups.#": "0",
                            "egress.1421879845.self": "false",
                            "egress.1421879845.to_port": "0",
                            "id": "sg-77b66b06",
                            "ingress.#": "1",
                            "ingress.1468656399.cidr_blocks.#": "1",
                            "ingress.1468656399.cidr_blocks.0": "172.20.0.0/16",
                            "ingress.1468656399.description": "",
                            "ingress.1468656399.from_port": "0",
                            "ingress.1468656399.ipv6_cidr_blocks.#": "0",
                            "ingress.1468656399.protocol": "tcp",
                            "ingress.1468656399.security_groups.#": "0",
                            "ingress.1468656399.self": "false",
                            "ingress.1468656399.to_port": "0",
                            "name": "internal",
                            "owner_id": "255649138826",
                            "revoke_rules_on_delete": "false",
                            "tags.%": "0",
                            "vpc_id": "vpc-ab477fd2"
                        },
                        "meta": {
                            "e2bfb730-ecaa-11e6-8f88-34363bc7c4c0": {
                                "create": 600000000000,
                                "delete": 600000000000
                            },
                            "schema_version": "1"
                        },
                        "tainted": false
                    },
                    "deposed": [],
                    "provider": "provider.aws"
                },
                "aws_security_group_rule.allow_ssh": {
                    "type": "aws_security_group_rule",
                    "depends_on": [
                        "aws_security_group.external"
                    ],
                    "primary": {
                        "id": "sgrule-1801412358",
                        "attributes": {
                            "cidr_blocks.#": "1",
                            "cidr_blocks.0": "0.0.0.0/0",
                            "from_port": "22",
                            "id": "sgrule-1801412358",
                            "protocol": "tcp",
                            "security_group_id": "sg-63b86512",
                            "self": "false",
                            "to_port": "22",
                            "type": "ingress"
                        },
                        "meta": {
                            "schema_version": "2"
                        },
                        "tainted": false
                    },
                    "deposed": [],
                    "provider": "provider.aws"
                },
                "aws_subnet.private": {
                    "type": "aws_subnet",
                    "depends_on": [
                        "aws_vpc.main"
                    ],
                    "primary": {
                        "id": "subnet-5f0c9326",
                        "attributes": {
                            "assign_ipv6_address_on_creation": "false",
                            "availability_zone": "us-west-2b",
                            "cidr_block": "172.20.10.0/24",
                            "id": "subnet-5f0c9326",
                            "map_public_ip_on_launch": "false",
                            "tags.%": "1",
                            "tags.Name": "private",
                            "vpc_id": "vpc-ab477fd2"
                        },
                        "meta": {
                            "schema_version": "1"
                        },
                        "tainted": false
                    },
                    "deposed": [],
                    "provider": "provider.aws"
                },
                "aws_subnet.public": {
                    "type": "aws_subnet",
                    "depends_on": [
                        "aws_vpc.main"
                    ],
                    "primary": {
                        "id": "subnet-41b7c11b",
                        "attributes": {
                            "assign_ipv6_address_on_creation": "false",
                            "availability_zone": "us-west-2c",
                            "cidr_block": "172.20.20.0/24",
                            "id": "subnet-41b7c11b",
                            "map_public_ip_on_launch": "true",
                            "tags.%": "1",
                            "tags.Name": "public",
                            "vpc_id": "vpc-ab477fd2"
                        },
                        "meta": {
                            "schema_version": "1"
                        },
                        "tainted": false
                    },
                    "deposed": [],
                    "provider": "provider.aws"
                },
                "aws_vpc.main": {
                    "type": "aws_vpc",
                    "depends_on": [],
                    "primary": {
                        "id": "vpc-ab477fd2",
                        "attributes": {
                            "assign_generated_ipv6_cidr_block": "false",
                            "cidr_block": "172.20.0.0/16",
                            "default_network_acl_id": "acl-868907fe",
                            "default_route_table_id": "rtb-f566658d",
                            "default_security_group_id": "sg-1b9a476a",
                            "dhcp_options_id": "dopt-e9d2248c",
                            "enable_classiclink": "false",
                            "enable_classiclink_dns_support": "false",
                            "enable_dns_hostnames": "false",
                            "enable_dns_support": "true",
                            "id": "vpc-ab477fd2",
                            "instance_tenancy": "default",
                            "main_route_table_id": "rtb-f566658d",
                            "tags.%": "0"
                        },
                        "meta": {
                            "schema_version": "1"
                        },
                        "tainted": false
                    },
                    "deposed": [],
                    "provider": "provider.aws"
                }
            },
            "depends_on": []
        }
    ]
}
